
Microsoft Visual Studio Solution File, Format Version 12.00
# Visual Studio Version 17
VisualStudioVersion = 17.4.33103.184
MinimumVisualStudioVersion = 10.0.40219.1
Project("{2150E333-8FDC-42A3-9474-1A3956D46DE8}") = "src", "src", "{C2F4B199-931A-454D-9788-0D05C5A60256}"
EndProject
Project("{2150E333-8FDC-42A3-9474-1A3956D46DE8}") = "test", "test", "{E9E7DFCF-18C1-4C6F-BE84-B513C07531F3}"
EndProject
Project("{9A19103F-16F7-4668-BE54-9A1E7A4F7556}") = "REWE.JobService.Domain", "src\Domain\REWE.JobService.Domain\REWE.JobService.Domain.csproj", "{EAD3BE37-25D4-4656-A3A2-3B1AA0CBF478}"
EndProject
Project("{9A19103F-16F7-4668-BE54-9A1E7A4F7556}") = "REWE.JobService.Application", "src\Application\REWE.JobService.Application\REWE.JobService.Application.csproj", "{B95A9CC0-30C6-4458-8307-C1F9709A5E43}"
EndProject
Project("{9A19103F-16F7-4668-BE54-9A1E7A4F7556}") = "REWE.JobService.Infrastructure", "src\Infrastructure\REWE.JobService.Infrastructure\REWE.JobService.Infrastructure.csproj", "{E04D7C87-8ADF-4953-9F5F-700AD8B37D97}"
EndProject
Project("{9A19103F-16F7-4668-BE54-9A1E7A4F7556}") = "REWE.JobService.Api", "src\Api\REWE.JobService.Api\REWE.JobService.Api.csproj", "{F903C206-E98E-4107-8FD1-5B7F702175F5}"
EndProject
Project("{9A19103F-16F7-4668-BE54-9A1E7A4F7556}") = "REWE.JobService.Domain.UnitTest", "test\Domain\REWE.JobService.Domain.UnitTest\REWE.JobService.Domain.UnitTest.csproj", "{8C9E8699-EBE2-432E-8AC8-D721375B2E60}"
EndProject
Project("{9A19103F-16F7-4668-BE54-9A1E7A4F7556}") = "REWE.JobService.Api.UnitTest", "test\Api\REWE.JobService.Api.UnitTest\REWE.JobService.Api.UnitTest.csproj", "{EE9BA323-AB08-42B6-B44E-778E863245CA}"
EndProject
Project("{9A19103F-16F7-4668-BE54-9A1E7A4F7556}") = "REWE.JobService.Api.IntegrationTest", "test\Api\REWE.JobService.Api.IntegrationTest\REWE.JobService.Api.IntegrationTest.csproj", "{DCB66C71-FE14-49EB-9D03-A1516FA31D7C}"
EndProject
Project("{2150E333-8FDC-42A3-9474-1A3956D46DE8}") = "Docs", "Docs", "{B7E368B6-BD68-4D5D-83B5-CCF6A954E0A1}"
EndProject
Global
	GlobalSection(SolutionConfigurationPlatforms) = preSolution
		Debug|Any CPU = Debug|Any CPU
		Release|Any CPU = Release|Any CPU
	EndGlobalSection
	GlobalSection(ProjectConfigurationPlatforms) = postSolution
		{EAD3BE37-25D4-4656-A3A2-3B1AA0CBF478}.Debug|Any CPU.ActiveCfg = Debug|Any CPU
		{EAD3BE37-25D4-4656-A3A2-3B1AA0CBF478}.Debug|Any CPU.Build.0 = Debug|Any CPU
		{EAD3BE37-25D4-4656-A3A2-3B1AA0CBF478}.Release|Any CPU.ActiveCfg = Release|Any CPU
		{EAD3BE37-25D4-4656-A3A2-3B1AA0CBF478}.Release|Any CPU.Build.0 = Release|Any CPU
		{B95A9CC0-30C6-4458-8307-C1F9709A5E43}.Debug|Any CPU.ActiveCfg = Debug|Any CPU
		{B95A9CC0-30C6-4458-8307-C1F9709A5E43}.Debug|Any CPU.Build.0 = Debug|Any CPU
		{B95A9CC0-30C6-4458-8307-C1F9709A5E43}.Release|Any CPU.ActiveCfg = Release|Any CPU
		{B95A9CC0-30C6-4458-8307-C1F9709A5E43}.Release|Any CPU.Build.0 = Release|Any CPU
		{E04D7C87-8ADF-4953-9F5F-700AD8B37D97}.Debug|Any CPU.ActiveCfg = Debug|Any CPU
		{E04D7C87-8ADF-4953-9F5F-700AD8B37D97}.Debug|Any CPU.Build.0 = Debug|Any CPU
		{E04D7C87-8ADF-4953-9F5F-700AD8B37D97}.Release|Any CPU.ActiveCfg = Release|Any CPU
		{E04D7C87-8ADF-4953-9F5F-700AD8B37D97}.Release|Any CPU.Build.0 = Release|Any CPU
		{F903C206-E98E-4107-8FD1-5B7F702175F5}.Debug|Any CPU.ActiveCfg = Debug|Any CPU
		{F903C206-E98E-4107-8FD1-5B7F702175F5}.Debug|Any CPU.Build.0 = Debug|Any CPU
		{F903C206-E98E-4107-8FD1-5B7F702175F5}.Release|Any CPU.ActiveCfg = Release|Any CPU
		{F903C206-E98E-4107-8FD1-5B7F702175F5}.Release|Any CPU.Build.0 = Release|Any CPU
		{8C9E8699-EBE2-432E-8AC8-D721375B2E60}.Debug|Any CPU.ActiveCfg = Debug|Any CPU
		{8C9E8699-EBE2-432E-8AC8-D721375B2E60}.Debug|Any CPU.Build.0 = Debug|Any CPU
		{8C9E8699-EBE2-432E-8AC8-D721375B2E60}.Release|Any CPU.ActiveCfg = Release|Any CPU
		{8C9E8699-EBE2-432E-8AC8-D721375B2E60}.Release|Any CPU.Build.0 = Release|Any CPU
		{EE9BA323-AB08-42B6-B44E-778E863245CA}.Debug|Any CPU.ActiveCfg = Debug|Any CPU
		{EE9BA323-AB08-42B6-B44E-778E863245CA}.Debug|Any CPU.Build.0 = Debug|Any CPU
		{EE9BA323-AB08-42B6-B44E-778E863245CA}.Release|Any CPU.ActiveCfg = Release|Any CPU
		{EE9BA323-AB08-42B6-B44E-778E863245CA}.Release|Any CPU.Build.0 = Release|Any CPU
		{DCB66C71-FE14-49EB-9D03-A1516FA31D7C}.Debug|Any CPU.ActiveCfg = Debug|Any CPU
		{DCB66C71-FE14-49EB-9D03-A1516FA31D7C}.Debug|Any CPU.Build.0 = Debug|Any CPU
		{DCB66C71-FE14-49EB-9D03-A1516FA31D7C}.Release|Any CPU.ActiveCfg = Release|Any CPU
		{DCB66C71-FE14-49EB-9D03-A1516FA31D7C}.Release|Any CPU.Build.0 = Release|Any CPU
	EndGlobalSection
	GlobalSection(SolutionProperties) = preSolution
		HideSolutionNode = FALSE
	EndGlobalSection
	GlobalSection(NestedProjects) = preSolution
		{EAD3BE37-25D4-4656-A3A2-3B1AA0CBF478} = {C2F4B199-931A-454D-9788-0D05C5A60256}
		{B95A9CC0-30C6-4458-8307-C1F9709A5E43} = {C2F4B199-931A-454D-9788-0D05C5A60256}
		{E04D7C87-8ADF-4953-9F5F-700AD8B37D97} = {C2F4B199-931A-454D-9788-0D05C5A60256}
		{F903C206-E98E-4107-8FD1-5B7F702175F5} = {C2F4B199-931A-454D-9788-0D05C5A60256}
		{8C9E8699-EBE2-432E-8AC8-D721375B2E60} = {E9E7DFCF-18C1-4C6F-BE84-B513C07531F3}
		{EE9BA323-AB08-42B6-B44E-778E863245CA} = {E9E7DFCF-18C1-4C6F-BE84-B513C07531F3}
		{DCB66C71-FE14-49EB-9D03-A1516FA31D7C} = {E9E7DFCF-18C1-4C6F-BE84-B513C07531F3}
	EndGlobalSection
	GlobalSection(ExtensibilityGlobals) = postSolution
		SolutionGuid = {42267E22-6E5A-4E8A-ADD8-95515E62BCE9}
	EndGlobalSection
EndGlobal
